// !$*UTF8*$!
{
	archiveVersion = 1;
	classes = {
	};
	objectVersion = 50;
	objects = {

/* Begin PBXBuildFile section */
		7C210B562558073A00B9B752 /* AppDelegate.swift in Sources */ = {isa = PBXBuildFile; fileRef = 7C210B552558073A00B9B752 /* AppDelegate.swift */; };
		7C210B582558073A00B9B752 /* SceneDelegate.swift in Sources */ = {isa = PBXBuildFile; fileRef = 7C210B572558073A00B9B752 /* SceneDelegate.swift */; };
		7C210B5C2558073C00B9B752 /* Assets.xcassets in Resources */ = {isa = PBXBuildFile; fileRef = 7C210B5B2558073C00B9B752 /* Assets.xcassets */; };
		7C210B5F2558073C00B9B752 /* Preview Assets.xcassets in Resources */ = {isa = PBXBuildFile; fileRef = 7C210B5E2558073C00B9B752 /* Preview Assets.xcassets */; };
		7C210B622558073C00B9B752 /* LaunchScreen.storyboard in Resources */ = {isa = PBXBuildFile; fileRef = 7C210B602558073C00B9B752 /* LaunchScreen.storyboard */; };
		7C210B6D25580E2C00B9B752 /* TabBarController.swift in Sources */ = {isa = PBXBuildFile; fileRef = 7C210B6C25580E2C00B9B752 /* TabBarController.swift */; };
		7C210B7125580F0700B9B752 /* FirstViewController.swift in Sources */ = {isa = PBXBuildFile; fileRef = 7C210B7025580F0700B9B752 /* FirstViewController.swift */; };
		7C210B7525580F2500B9B752 /* SecondViewController.swift in Sources */ = {isa = PBXBuildFile; fileRef = 7C210B7425580F2500B9B752 /* SecondViewController.swift */; };
		7C210B7825580F4B00B9B752 /* ThirdViewController.swift in Sources */ = {isa = PBXBuildFile; fileRef = 7C210B7725580F4B00B9B752 /* ThirdViewController.swift */; };
		7C210B7C2558211800B9B752 /* FirstView.swift in Sources */ = {isa = PBXBuildFile; fileRef = 7C210B7B2558211800B9B752 /* FirstView.swift */; };
		7C210B802558307600B9B752 /* SecondView.swift in Sources */ = {isa = PBXBuildFile; fileRef = 7C210B7F2558307600B9B752 /* SecondView.swift */; };
		7CD17D9325604F8D00EA6A1C /* ThirdView.swift in Sources */ = {isa = PBXBuildFile; fileRef = 7CD17D9225604F8D00EA6A1C /* ThirdView.swift */; };
		7CD17D9C256106A000EA6A1C /* KeyboardHandler.swift in Sources */ = {isa = PBXBuildFile; fileRef = 7CD17D9B256106A000EA6A1C /* KeyboardHandler.swift */; };
/* End PBXBuildFile section */

/* Begin PBXFileReference section */
		7C210B522558073A00B9B752 /* FSHomework3.app */ = {isa = PBXFileReference; explicitFileType = wrapper.application; includeInIndex = 0; path = FSHomework3.app; sourceTree = BUILT_PRODUCTS_DIR; };
		7C210B552558073A00B9B752 /* AppDelegate.swift */ = {isa = PBXFileReference; lastKnownFileType = sourcecode.swift; path = AppDelegate.swift; sourceTree = "<group>"; };
		7C210B572558073A00B9B752 /* SceneDelegate.swift */ = {isa = PBXFileReference; lastKnownFileType = sourcecode.swift; path = SceneDelegate.swift; sourceTree = "<group>"; };
		7C210B5B2558073C00B9B752 /* Assets.xcassets */ = {isa = PBXFileReference; lastKnownFileType = folder.assetcatalog; path = Assets.xcassets; sourceTree = "<group>"; };
		7C210B5E2558073C00B9B752 /* Preview Assets.xcassets */ = {isa = PBXFileReference; lastKnownFileType = folder.assetcatalog; path = "Preview Assets.xcassets"; sourceTree = "<group>"; };
		7C210B612558073C00B9B752 /* Base */ = {isa = PBXFileReference; lastKnownFileType = file.storyboard; name = Base; path = Base.lproj/LaunchScreen.storyboard; sourceTree = "<group>"; };
		7C210B632558073C00B9B752 /* Info.plist */ = {isa = PBXFileReference; lastKnownFileType = text.plist.xml; path = Info.plist; sourceTree = "<group>"; };
		7C210B6C25580E2C00B9B752 /* TabBarController.swift */ = {isa = PBXFileReference; lastKnownFileType = sourcecode.swift; path = TabBarController.swift; sourceTree = "<group>"; };
		7C210B7025580F0700B9B752 /* FirstViewController.swift */ = {isa = PBXFileReference; lastKnownFileType = sourcecode.swift; path = FirstViewController.swift; sourceTree = "<group>"; };
		7C210B7425580F2500B9B752 /* SecondViewController.swift */ = {isa = PBXFileReference; lastKnownFileType = sourcecode.swift; path = SecondViewController.swift; sourceTree = "<group>"; };
		7C210B7725580F4B00B9B752 /* ThirdViewController.swift */ = {isa = PBXFileReference; lastKnownFileType = sourcecode.swift; path = ThirdViewController.swift; sourceTree = "<group>"; };
		7C210B7B2558211800B9B752 /* FirstView.swift */ = {isa = PBXFileReference; lastKnownFileType = sourcecode.swift; path = FirstView.swift; sourceTree = "<group>"; };
		7C210B7F2558307600B9B752 /* SecondView.swift */ = {isa = PBXFileReference; lastKnownFileType = sourcecode.swift; path = SecondView.swift; sourceTree = "<group>"; };
		7CD17D9225604F8D00EA6A1C /* ThirdView.swift */ = {isa = PBXFileReference; lastKnownFileType = sourcecode.swift; path = ThirdView.swift; sourceTree = "<group>"; };
		7CD17D9B256106A000EA6A1C /* KeyboardHandler.swift */ = {isa = PBXFileReference; lastKnownFileType = sourcecode.swift; path = KeyboardHandler.swift; sourceTree = "<group>"; };
/* End PBXFileReference section */

/* Begin PBXFrameworksBuildPhase section */
		7C210B4F2558073A00B9B752 /* Frameworks */ = {
			isa = PBXFrameworksBuildPhase;
			buildActionMask = 2147483647;
			files = (
			);
			runOnlyForDeploymentPostprocessing = 0;
		};
/* End PBXFrameworksBuildPhase section */

/* Begin PBXGroup section */
		7C210B492558073A00B9B752 = {
			isa = PBXGroup;
			children = (
				7C210B542558073A00B9B752 /* FSHomework3 */,
				7C210B532558073A00B9B752 /* Products */,
			);
			sourceTree = "<group>";
		};
		7C210B532558073A00B9B752 /* Products */ = {
			isa = PBXGroup;
			children = (
				7C210B522558073A00B9B752 /* FSHomework3.app */,
			);
			name = Products;
			sourceTree = "<group>";
		};
		7C210B542558073A00B9B752 /* FSHomework3 */ = {
			isa = PBXGroup;
			children = (
				7C210B6C25580E2C00B9B752 /* TabBarController.swift */,
				7C4DF1CA25586030006256EA /* FirstView */,
				7C4DF1CB2558603F006256EA /* SecondView */,
				7C4DF1CC25586047006256EA /* ThirdView */,
				7C210B552558073A00B9B752 /* AppDelegate.swift */,
				7C210B572558073A00B9B752 /* SceneDelegate.swift */,
				7C210B5B2558073C00B9B752 /* Assets.xcassets */,
				7C210B602558073C00B9B752 /* LaunchScreen.storyboard */,
				7C210B632558073C00B9B752 /* Info.plist */,
				7C210B5D2558073C00B9B752 /* Preview Content */,
			);
			path = FSHomework3;
			sourceTree = "<group>";
		};
		7C210B5D2558073C00B9B752 /* Preview Content */ = {
			isa = PBXGroup;
			children = (
				7C210B5E2558073C00B9B752 /* Preview Assets.xcassets */,
			);
			path = "Preview Content";
			sourceTree = "<group>";
		};
		7C4DF1CA25586030006256EA /* FirstView */ = {
			isa = PBXGroup;
			children = (
				7C210B7025580F0700B9B752 /* FirstViewController.swift */,
				7C210B7B2558211800B9B752 /* FirstView.swift */,
			);
			path = FirstView;
			sourceTree = "<group>";
		};
		7C4DF1CB2558603F006256EA /* SecondView */ = {
			isa = PBXGroup;
			children = (
				7C210B7425580F2500B9B752 /* SecondViewController.swift */,
				7C210B7F2558307600B9B752 /* SecondView.swift */,
			);
			path = SecondView;
			sourceTree = "<group>";
		};
		7C4DF1CC25586047006256EA /* ThirdView */ = {
			isa = PBXGroup;
			children = (
				7C210B7725580F4B00B9B752 /* ThirdViewController.swift */,
				7CD17D9225604F8D00EA6A1C /* ThirdView.swift */,
				7CD17D9B256106A000EA6A1C /* KeyboardHandler.swift */,
			);
			path = ThirdView;
			sourceTree = "<group>";
		};
/* End PBXGroup section */

/* Begin PBXNativeTarget section */
		7C210B512558073A00B9B752 /* FSHomework3 */ = {
			isa = PBXNativeTarget;
			buildConfigurationList = 7C210B662558073C00B9B752 /* Build configuration list for PBXNativeTarget "FSHomework3" */;
			buildPhases = (
				7C210B4E2558073A00B9B752 /* Sources */,
				7C210B4F2558073A00B9B752 /* Frameworks */,
				7C210B502558073A00B9B752 /* Resources */,
			);
			buildRules = (
			);
			dependencies = (
			);
			name = FSHomework3;
			productName = FSHomework3;
			productReference = 7C210B522558073A00B9B752 /* FSHomework3.app */;
			productType = "com.apple.product-type.application";
		};
/* End PBXNativeTarget section */

/* Begin PBXProject section */
		7C210B4A2558073A00B9B752 /* Project object */ = {
			isa = PBXProject;
			attributes = {
				LastSwiftUpdateCheck = 1200;
				LastUpgradeCheck = 1200;
				TargetAttributes = {
					7C210B512558073A00B9B752 = {
						CreatedOnToolsVersion = 12.0;
					};
				};
			};
			buildConfigurationList = 7C210B4D2558073A00B9B752 /* Build configuration list for PBXProject "FSHomework3" */;
			compatibilityVersion = "Xcode 9.3";
			developmentRegion = en;
			hasScannedForEncodings = 0;
			knownRegions = (
				en,
				Base,
			);
			mainGroup = 7C210B492558073A00B9B752;
			productRefGroup = 7C210B532558073A00B9B752 /* Products */;
			projectDirPath = "";
			projectRoot = "";
			targets = (
				7C210B512558073A00B9B752 /* FSHomework3 */,
			);
		};
/* End PBXProject section */

/* Begin PBXResourcesBuildPhase section */
		7C210B502558073A00B9B752 /* Resources */ = {
			isa = PBXResourcesBuildPhase;
			buildActionMask = 2147483647;
			files = (
				7C210B622558073C00B9B752 /* LaunchScreen.storyboard in Resources */,
				7C210B5F2558073C00B9B752 /* Preview Assets.xcassets in Resources */,
				7C210B5C2558073C00B9B752 /* Assets.xcassets in Resources */,
			);
			runOnlyForDeploymentPostprocessing = 0;
		};
/* End PBXResourcesBuildPhase section */

/* Begin PBXSourcesBuildPhase section */
		7C210B4E2558073A00B9B752 /* Sources */ = {
			isa = PBXSourcesBuildPhase;
			buildActionMask = 2147483647;
			files = (
				7C210B7C2558211800B9B752 /* FirstView.swift in Sources */,
				7CD17D9325604F8D00EA6A1C /* ThirdView.swift in Sources */,
				7C210B6D25580E2C00B9B752 /* TabBarController.swift in Sources */,
				7C210B802558307600B9B752 /* SecondView.swift in Sources */,
				7C210B562558073A00B9B752 /* AppDelegate.swift in Sources */,
				7CD17D9C256106A000EA6A1C /* KeyboardHandler.swift in Sources */,
				7C210B582558073A00B9B752 /* SceneDelegate.swift in Sources */,
				7C210B7525580F2500B9B752 /* SecondViewController.swift in Sources */,
				7C210B7825580F4B00B9B752 /* ThirdViewController.swift in Sources */,
				7C210B7125580F0700B9B752 /* FirstViewController.swift in Sources */,
			);
			runOnlyForDeploymentPostprocessing = 0;
		};
/* End PBXSourcesBuildPhase section */

/* Begin PBXVariantGroup section */
		7C210B602558073C00B9B752 /* LaunchScreen.storyboard */ = {
			isa = PBXVariantGroup;
			children = (
				7C210B612558073C00B9B752 /* Base */,
			);
			name = LaunchScreen.storyboard;
			sourceTree = "<group>";
		};
/* End PBXVariantGroup section */

/* Begin XCBuildConfiguration section */
		7C210B642558073C00B9B752 /* Debug */ = {
			isa = XCBuildConfiguration;
			buildSettings = {
				ALWAYS_SEARCH_USER_PATHS = NO;
				CLANG_ANALYZER_NONNULL = YES;
				CLANG_ANALYZER_NUMBER_OBJECT_CONVERSION = YES_AGGRESSIVE;
				CLANG_CXX_LANGUAGE_STANDARD = "gnu++14";
				CLANG_CXX_LIBRARY = "libc++";
				CLANG_ENABLE_MODULES = YES;
				CLANG_ENABLE_OBJC_ARC = YES;
				CLANG_ENABLE_OBJC_WEAK = YES;
				CLANG_WARN_BLOCK_CAPTURE_AUTORELEASING = YES;
				CLANG_WARN_BOOL_CONVERSION = YES;
				CLANG_WARN_COMMA = YES;
				CLANG_WARN_CONSTANT_CONVERSION = YES;
				CLANG_WARN_DEPRECATED_OBJC_IMPLEMENTATIONS = YES;
				CLANG_WARN_DIRECT_OBJC_ISA_USAGE = YES_ERROR;
				CLANG_WARN_DOCUMENTATION_COMMENTS = YES;
				CLANG_WARN_EMPTY_BODY = YES;
				CLANG_WARN_ENUM_CONVERSION = YES;
				CLANG_WARN_INFINITE_RECURSION = YES;
				CLANG_WARN_INT_CONVERSION = YES;
				CLANG_WARN_NON_LITERAL_NULL_CONVERSION = YES;
				CLANG_WARN_OBJC_IMPLICIT_RETAIN_SELF = YES;
				CLANG_WARN_OBJC_LITERAL_CONVERSION = YES;
				CLANG_WARN_OBJC_ROOT_CLASS = YES_ERROR;
				CLANG_WARN_QUOTED_INCLUDE_IN_FRAMEWORK_HEADER = YES;
				CLANG_WARN_RANGE_LOOP_ANALYSIS = YES;
				CLANG_WARN_STRICT_PROTOTYPES = YES;
				CLANG_WARN_SUSPICIOUS_MOVE = YES;
				CLANG_WARN_UNGUARDED_AVAILABILITY = YES_AGGRESSIVE;
				CLANG_WARN_UNREACHABLE_CODE = YES;
				CLANG_WARN__DUPLICATE_METHOD_MATCH = YES;
				COPY_PHASE_STRIP = NO;
				DEBUG_INFORMATION_FORMAT = dwarf;
				ENABLE_STRICT_OBJC_MSGSEND = YES;
				ENABLE_TESTABILITY = YES;
				GCC_C_LANGUAGE_STANDARD = gnu11;
				GCC_DYNAMIC_NO_PIC = NO;
				GCC_NO_COMMON_BLOCKS = YES;
				GCC_OPTIMIZATION_LEVEL = 0;
				GCC_PREPROCESSOR_DEFINITIONS = (
					"DEBUG=1",
					"$(inherited)",
				);
				GCC_WARN_64_TO_32_BIT_CONVERSION = YES;
				GCC_WARN_ABOUT_RETURN_TYPE = YES_ERROR;
				GCC_WARN_UNDECLARED_SELECTOR = YES;
				GCC_WARN_UNINITIALIZED_AUTOS = YES_AGGRESSIVE;
				GCC_WARN_UNUSED_FUNCTION = YES;
				GCC_WARN_UNUSED_VARIABLE = YES;
				IPHONEOS_DEPLOYMENT_TARGET = 14.0;
				MTL_ENABLE_DEBUG_INFO = INCLUDE_SOURCE;
				MTL_FAST_MATH = YES;
				ONLY_ACTIVE_ARCH = YES;
				SDKROOT = iphoneos;
				SWIFT_ACTIVE_COMPILATION_CONDITIONS = DEBUG;
				SWIFT_OPTIMIZATION_LEVEL = "-Onone";
			};
			name = Debug;
		};
		7C210B652558073C00B9B752 /* Release */ = {
			isa = XCBuildConfiguration;
			buildSettings = {
				ALWAYS_SEARCH_USER_PATHS = NO;
				CLANG_ANALYZER_NONNULL = YES;
				CLANG_ANALYZER_NUMBER_OBJECT_CONVERSION = YES_AGGRESSIVE;
				CLANG_CXX_LANGUAGE_STANDARD = "gnu++14";
				CLANG_CXX_LIBRARY = "libc++";
				CLANG_ENABLE_MODULES = YES;
				CLANG_ENABLE_OBJC_ARC = YES;
				CLANG_ENABLE_OBJC_WEAK = YES;
				CLANG_WARN_BLOCK_CAPTURE_AUTORELEASING = YES;
				CLANG_WARN_BOOL_CONVERSION = YES;
				CLANG_WARN_COMMA = YES;
				CLANG_WARN_CONSTANT_CONVERSION = YES;
				CLANG_WARN_DEPRECATED_OBJC_IMPLEMENTATIONS = YES;
				CLANG_WARN_DIRECT_OBJC_ISA_USAGE = YES_ERROR;
				CLANG_WARN_DOCUMENTATION_COMMENTS = YES;
				CLANG_WARN_EMPTY_BODY = YES;
				CLANG_WARN_ENUM_CONVERSION = YES;
				CLANG_WARN_INFINITE_RECURSION = YES;
				CLANG_WARN_INT_CONVERSION = YES;
				CLANG_WARN_NON_LITERAL_NULL_CONVERSION = YES;
				CLANG_WARN_OBJC_IMPLICIT_RETAIN_SELF = YES;
				CLANG_WARN_OBJC_LITERAL_CONVERSION = YES;
				CLANG_WARN_OBJC_ROOT_CLASS = YES_ERROR;
				CLANG_WARN_QUOTED_INCLUDE_IN_FRAMEWORK_HEADER = YES;
				CLANG_WARN_RANGE_LOOP_ANALYSIS = YES;
				CLANG_WARN_STRICT_PROTOTYPES = YES;
				CLANG_WARN_SUSPICIOUS_MOVE = YES;
				CLANG_WARN_UNGUARDED_AVAILABILITY = YES_AGGRESSIVE;
				CLANG_WARN_UNREACHABLE_CODE = YES;
				CLANG_WARN__DUPLICATE_METHOD_MATCH = YES;
				COPY_PHASE_STRIP = NO;
				DEBUG_INFORMATION_FORMAT = "dwarf-with-dsym";
				ENABLE_NS_ASSERTIONS = NO;
				ENABLE_STRICT_OBJC_MSGSEND = YES;
				GCC_C_LANGUAGE_STANDARD = gnu11;
				GCC_NO_COMMON_BLOCKS = YES;
				GCC_WARN_64_TO_32_BIT_CONVERSION = YES;
				GCC_WARN_ABOUT_RETURN_TYPE = YES_ERROR;
				GCC_WARN_UNDECLARED_SELECTOR = YES;
				GCC_WARN_UNINITIALIZED_AUTOS = YES_AGGRESSIVE;
				GCC_WARN_UNUSED_FUNCTION = YES;
				GCC_WARN_UNUSED_VARIABLE = YES;
				IPHONEOS_DEPLOYMENT_TARGET = 14.0;
				MTL_ENABLE_DEBUG_INFO = NO;
				MTL_FAST_MATH = YES;
				SDKROOT = iphoneos;
				SWIFT_COMPILATION_MODE = wholemodule;
				SWIFT_OPTIMIZATION_LEVEL = "-O";
				VALIDATE_PRODUCT = YES;
			};
			name = Release;
		};
		7C210B672558073C00B9B752 /* Debug */ = {
			isa = XCBuildConfiguration;
			buildSettings = {
				ASSETCATALOG_COMPILER_APPICON_NAME = AppIcon;
				ASSETCATALOG_COMPILER_GLOBAL_ACCENT_COLOR_NAME = AccentColor;
				CODE_SIGN_STYLE = Automatic;
				DEVELOPMENT_ASSET_PATHS = "\"FSHomework3/Preview Content\"";
				ENABLE_PREVIEWS = YES;
				INFOPLIST_FILE = FSHomework3/Info.plist;
				LD_RUNPATH_SEARCH_PATHS = (
					"$(inherited)",
					"@executable_path/Frameworks",
				);
				PRODUCT_BUNDLE_IDENTIFIER = cft.FSHomework3;
				PRODUCT_NAME = "$(TARGET_NAME)";
				SWIFT_VERSION = 5.0;
				TARGETED_DEVICE_FAMILY = "1,2";
			};
			name = Debug;
		};
		7C210B682558073C00B9B752 /* Release */ = {
			isa = XCBuildConfiguration;
			buildSettings = {
				ASSETCATALOG_COMPILER_APPICON_NAME = AppIcon;
				ASSETCATALOG_COMPILER_GLOBAL_ACCENT_COLOR_NAME = AccentColor;
				CODE_SIGN_STYLE = Automatic;
				DEVELOPMENT_ASSET_PATHS = "\"FSHomework3/Preview Content\"";
				ENABLE_PREVIEWS = YES;
				INFOPLIST_FILE = FSHomework3/Info.plist;
				LD_RUNPATH_SEARCH_PATHS = (
					"$(inherited)",
					"@executable_path/Frameworks",
				);
				PRODUCT_BUNDLE_IDENTIFIER = cft.FSHomework3;
				PRODUCT_NAME = "$(TARGET_NAME)";
				SWIFT_VERSION = 5.0;
				TARGETED_DEVICE_FAMILY = "1,2";
			};
			name = Release;
		};
/* End XCBuildConfiguration section */

/* Begin XCConfigurationList section */
		7C210B4D2558073A00B9B752 /* Build configuration list for PBXProject "FSHomework3" */ = {
			isa = XCConfigurationList;
			buildConfigurations = (
				7C210B642558073C00B9B752 /* Debug */,
				7C210B652558073C00B9B752 /* Release */,
			);
			defaultConfigurationIsVisible = 0;
			defaultConfigurationName = Release;
		};
		7C210B662558073C00B9B752 /* Build configuration list for PBXNativeTarget "FSHomework3" */ = {
			isa = XCConfigurationList;
			buildConfigurations = (
				7C210B672558073C00B9B752 /* Debug */,
				7C210B682558073C00B9B752 /* Release */,
			);
			defaultConfigurationIsVisible = 0;
			defaultConfigurationName = Release;
		};
/* End XCConfigurationList section */
	};
	rootObject = 7C210B4A2558073A00B9B752 /* Project object */;
}
